
Microsoft Visual Studio Solution File, Format Version 11.00
# Visual Studio 2010
Project("{FAE04EC0-301F-11D3-BF4B-00C04F79EFBC}") = "MidwestGeeks.Web", "MidwestGeeks.Web\MidwestGeeks.Web.csproj", "{7AAC7644-3C9A-487A-8FEB-D3DF95CE3714}"
EndProject
Project("{FAE04EC0-301F-11D3-BF4B-00C04F79EFBC}") = "MidwestGeeks.Lib", "MidwestGeeks.Lib\MidwestGeeks.Lib.csproj", "{A5A5BE0C-DACA-4F4E-9B7F-345973045716}"
EndProject
Project("{2150E333-8FDC-42A3-9474-1A3956D46DE8}") = "src", "src", "{F29AD01B-FB61-49AE-A405-1F328FAC8ACF}"
EndProject
Project("{2150E333-8FDC-42A3-9474-1A3956D46DE8}") = "tests", "tests", "{7BC46DEB-839F-4662-B8ED-2B6E50673B96}"
EndProject
Project("{FAE04EC0-301F-11D3-BF4B-00C04F79EFBC}") = "MidwestGeeks.Tests", "MidwestGeeks.Tests\MidwestGeeks.Tests.csproj", "{5389A827-EFAA-43A5-B03C-8FB8E74D662C}"
EndProject
Global
	GlobalSection(SolutionConfigurationPlatforms) = preSolution
		Debug|Any CPU = Debug|Any CPU
		Release|Any CPU = Release|Any CPU
	EndGlobalSection
	GlobalSection(ProjectConfigurationPlatforms) = postSolution
		{7AAC7644-3C9A-487A-8FEB-D3DF95CE3714}.Debug|Any CPU.ActiveCfg = Debug|Any CPU
		{7AAC7644-3C9A-487A-8FEB-D3DF95CE3714}.Debug|Any CPU.Build.0 = Debug|Any CPU
		{7AAC7644-3C9A-487A-8FEB-D3DF95CE3714}.Release|Any CPU.ActiveCfg = Release|Any CPU
		{7AAC7644-3C9A-487A-8FEB-D3DF95CE3714}.Release|Any CPU.Build.0 = Release|Any CPU
		{A5A5BE0C-DACA-4F4E-9B7F-345973045716}.Debug|Any CPU.ActiveCfg = Debug|Any CPU
		{A5A5BE0C-DACA-4F4E-9B7F-345973045716}.Debug|Any CPU.Build.0 = Debug|Any CPU
		{A5A5BE0C-DACA-4F4E-9B7F-345973045716}.Release|Any CPU.ActiveCfg = Release|Any CPU
		{A5A5BE0C-DACA-4F4E-9B7F-345973045716}.Release|Any CPU.Build.0 = Release|Any CPU
		{5389A827-EFAA-43A5-B03C-8FB8E74D662C}.Debug|Any CPU.ActiveCfg = Debug|Any CPU
		{5389A827-EFAA-43A5-B03C-8FB8E74D662C}.Debug|Any CPU.Build.0 = Debug|Any CPU
		{5389A827-EFAA-43A5-B03C-8FB8E74D662C}.Release|Any CPU.ActiveCfg = Release|Any CPU
		{5389A827-EFAA-43A5-B03C-8FB8E74D662C}.Release|Any CPU.Build.0 = Release|Any CPU
	EndGlobalSection
	GlobalSection(SolutionProperties) = preSolution
		HideSolutionNode = FALSE
	EndGlobalSection
	GlobalSection(NestedProjects) = preSolution
		{A5A5BE0C-DACA-4F4E-9B7F-345973045716} = {F29AD01B-FB61-49AE-A405-1F328FAC8ACF}
		{7AAC7644-3C9A-487A-8FEB-D3DF95CE3714} = {F29AD01B-FB61-49AE-A405-1F328FAC8ACF}
		{5389A827-EFAA-43A5-B03C-8FB8E74D662C} = {7BC46DEB-839F-4662-B8ED-2B6E50673B96}
	EndGlobalSection
EndGlobal
